
Microsoft Visual Studio Solution File, Format Version 12.00
# Visual Studio 15
VisualStudioVersion = 15.0.28307.1831
MinimumVisualStudioVersion = 10.0.40219.1
Project("{FAE04EC0-301F-11D3-BF4B-00C04F79EFBC}") = "ConsoleAppForLogs", "ConsoleAppForLogs\ConsoleAppForLogs.csproj", "{BC7D852E-8577-4813-BDDB-FEB5FBE736BE}"
EndProject
Global
	GlobalSection(SolutionConfigurationPlatforms) = preSolution
		Debug|Any CPU = Debug|Any CPU
		Release|Any CPU = Release|Any CPU
	EndGlobalSection
	GlobalSection(ProjectConfigurationPlatforms) = postSolution
		{BC7D852E-8577-4813-BDDB-FEB5FBE736BE}.Debug|Any CPU.ActiveCfg = Debug|Any CPU
		{BC7D852E-8577-4813-BDDB-FEB5FBE736BE}.Debug|Any CPU.Build.0 = Debug|Any CPU
		{BC7D852E-8577-4813-BDDB-FEB5FBE736BE}.Release|Any CPU.ActiveCfg = Release|Any CPU
		{BC7D852E-8577-4813-BDDB-FEB5FBE736BE}.Release|Any CPU.Build.0 = Release|Any CPU
	EndGlobalSection
	GlobalSection(SolutionProperties) = preSolution
		HideSolutionNode = FALSE
	EndGlobalSection
	GlobalSection(ExtensibilityGlobals) = postSolution
		SolutionGuid = {0D5F23BE-72C4-409D-8B82-8E3BC754E47B}
	EndGlobalSection
EndGlobal
